// !$*UTF8*$!
{
	archiveVersion = 1;
	classes = {
	};
	objectVersion = 56;
	objects = {

/* Begin PBXBuildFile section */
		475E1D9B725D4A68852639D4 /* Pods_FlamingoFinanceTests.framework in Frameworks */ = {isa = PBXBuildFile; fileRef = 945DF384380F333EFDB39E4D /* Pods_FlamingoFinanceTests.framework */; };
		6E522F19082BD53FBF4D5D0C /* Pods_FlamingoFinance.framework in Frameworks */ = {isa = PBXBuildFile; fileRef = C8C4252CAC175211CD71276D /* Pods_FlamingoFinance.framework */; };
		8EBF35CE291D518A00FE7947 /* AppDelegate.swift in Sources */ = {isa = PBXBuildFile; fileRef = 8EBF35CD291D518A00FE7947 /* AppDelegate.swift */; };
		8EBF35D0291D518A00FE7947 /* SceneDelegate.swift in Sources */ = {isa = PBXBuildFile; fileRef = 8EBF35CF291D518A00FE7947 /* SceneDelegate.swift */; };
		8EBF35D2291D518A00FE7947 /* ViewController.swift in Sources */ = {isa = PBXBuildFile; fileRef = 8EBF35D1291D518A00FE7947 /* ViewController.swift */; };
		8EBF35D5291D518A00FE7947 /* Main.storyboard in Resources */ = {isa = PBXBuildFile; fileRef = 8EBF35D3291D518A00FE7947 /* Main.storyboard */; };
		8EBF35D7291D518D00FE7947 /* Assets.xcassets in Resources */ = {isa = PBXBuildFile; fileRef = 8EBF35D6291D518D00FE7947 /* Assets.xcassets */; };
		8EBF35DA291D518D00FE7947 /* LaunchScreen.storyboard in Resources */ = {isa = PBXBuildFile; fileRef = 8EBF35D8291D518D00FE7947 /* LaunchScreen.storyboard */; };
		8EBF35E5291D518D00FE7947 /* FlamingoFinanceTests.swift in Sources */ = {isa = PBXBuildFile; fileRef = 8EBF35E4291D518D00FE7947 /* FlamingoFinanceTests.swift */; };
		8EBF35EF291D518D00FE7947 /* FlamingoFinanceUITests.swift in Sources */ = {isa = PBXBuildFile; fileRef = 8EBF35EE291D518D00FE7947 /* FlamingoFinanceUITests.swift */; };
		8EBF35F1291D518D00FE7947 /* FlamingoFinanceUITestsLaunchTests.swift in Sources */ = {isa = PBXBuildFile; fileRef = 8EBF35F0291D518D00FE7947 /* FlamingoFinanceUITestsLaunchTests.swift */; };
		C6BC2D5FA7BF4CD594B59CD1 /* Pods_FlamingoFinance_FlamingoFinanceUITests.framework in Frameworks */ = {isa = PBXBuildFile; fileRef = BB3769DB780E0AEF5B36EFB4 /* Pods_FlamingoFinance_FlamingoFinanceUITests.framework */; };
/* End PBXBuildFile section */

/* Begin PBXContainerItemProxy section */
		8EBF35E1291D518D00FE7947 /* PBXContainerItemProxy */ = {
			isa = PBXContainerItemProxy;
			containerPortal = 8EBF35C2291D518A00FE7947 /* Project object */;
			proxyType = 1;
			remoteGlobalIDString = 8EBF35C9291D518A00FE7947;
			remoteInfo = FlamingoFinance;
		};
		8EBF35EB291D518D00FE7947 /* PBXContainerItemProxy */ = {
			isa = PBXContainerItemProxy;
			containerPortal = 8EBF35C2291D518A00FE7947 /* Project object */;
			proxyType = 1;
			remoteGlobalIDString = 8EBF35C9291D518A00FE7947;
			remoteInfo = FlamingoFinance;
		};
/* End PBXContainerItemProxy section */

/* Begin PBXFileReference section */
		69ADF3956C84E9555DFF5E18 /* Pods-FlamingoFinanceTests.debug.xcconfig */ = {isa = PBXFileReference; includeInIndex = 1; lastKnownFileType = text.xcconfig; name = "Pods-FlamingoFinanceTests.debug.xcconfig"; path = "Target Support Files/Pods-FlamingoFinanceTests/Pods-FlamingoFinanceTests.debug.xcconfig"; sourceTree = "<group>"; };
		726A8C4B6AD6AA2B80132773 /* Pods-FlamingoFinanceTests.release.xcconfig */ = {isa = PBXFileReference; includeInIndex = 1; lastKnownFileType = text.xcconfig; name = "Pods-FlamingoFinanceTests.release.xcconfig"; path = "Target Support Files/Pods-FlamingoFinanceTests/Pods-FlamingoFinanceTests.release.xcconfig"; sourceTree = "<group>"; };
		7B226B381B019C360D48A09F /* Pods-FlamingoFinance.release.xcconfig */ = {isa = PBXFileReference; includeInIndex = 1; lastKnownFileType = text.xcconfig; name = "Pods-FlamingoFinance.release.xcconfig"; path = "Target Support Files/Pods-FlamingoFinance/Pods-FlamingoFinance.release.xcconfig"; sourceTree = "<group>"; };
		8EBF35CA291D518A00FE7947 /* FlamingoFinance.app */ = {isa = PBXFileReference; explicitFileType = wrapper.application; includeInIndex = 0; path = FlamingoFinance.app; sourceTree = BUILT_PRODUCTS_DIR; };
		8EBF35CD291D518A00FE7947 /* AppDelegate.swift */ = {isa = PBXFileReference; lastKnownFileType = sourcecode.swift; path = AppDelegate.swift; sourceTree = "<group>"; };
		8EBF35CF291D518A00FE7947 /* SceneDelegate.swift */ = {isa = PBXFileReference; lastKnownFileType = sourcecode.swift; path = SceneDelegate.swift; sourceTree = "<group>"; };
		8EBF35D1291D518A00FE7947 /* ViewController.swift */ = {isa = PBXFileReference; lastKnownFileType = sourcecode.swift; path = ViewController.swift; sourceTree = "<group>"; };
		8EBF35D4291D518A00FE7947 /* Base */ = {isa = PBXFileReference; lastKnownFileType = file.storyboard; name = Base; path = Base.lproj/Main.storyboard; sourceTree = "<group>"; };
		8EBF35D6291D518D00FE7947 /* Assets.xcassets */ = {isa = PBXFileReference; lastKnownFileType = folder.assetcatalog; path = Assets.xcassets; sourceTree = "<group>"; };
		8EBF35D9291D518D00FE7947 /* Base */ = {isa = PBXFileReference; lastKnownFileType = file.storyboard; name = Base; path = Base.lproj/LaunchScreen.storyboard; sourceTree = "<group>"; };
		8EBF35DB291D518D00FE7947 /* Info.plist */ = {isa = PBXFileReference; lastKnownFileType = text.plist.xml; path = Info.plist; sourceTree = "<group>"; };
		8EBF35E0291D518D00FE7947 /* FlamingoFinanceTests.xctest */ = {isa = PBXFileReference; explicitFileType = wrapper.cfbundle; includeInIndex = 0; path = FlamingoFinanceTests.xctest; sourceTree = BUILT_PRODUCTS_DIR; };
		8EBF35E4291D518D00FE7947 /* FlamingoFinanceTests.swift */ = {isa = PBXFileReference; lastKnownFileType = sourcecode.swift; path = FlamingoFinanceTests.swift; sourceTree = "<group>"; };
		8EBF35EA291D518D00FE7947 /* FlamingoFinanceUITests.xctest */ = {isa = PBXFileReference; explicitFileType = wrapper.cfbundle; includeInIndex = 0; path = FlamingoFinanceUITests.xctest; sourceTree = BUILT_PRODUCTS_DIR; };
		8EBF35EE291D518D00FE7947 /* FlamingoFinanceUITests.swift */ = {isa = PBXFileReference; lastKnownFileType = sourcecode.swift; path = FlamingoFinanceUITests.swift; sourceTree = "<group>"; };
		8EBF35F0291D518D00FE7947 /* FlamingoFinanceUITestsLaunchTests.swift */ = {isa = PBXFileReference; lastKnownFileType = sourcecode.swift; path = FlamingoFinanceUITestsLaunchTests.swift; sourceTree = "<group>"; };
		945DF384380F333EFDB39E4D /* Pods_FlamingoFinanceTests.framework */ = {isa = PBXFileReference; explicitFileType = wrapper.framework; includeInIndex = 0; path = Pods_FlamingoFinanceTests.framework; sourceTree = BUILT_PRODUCTS_DIR; };
		96064A4B9555CF1BBCC80F4B /* Pods-FlamingoFinance.debug.xcconfig */ = {isa = PBXFileReference; includeInIndex = 1; lastKnownFileType = text.xcconfig; name = "Pods-FlamingoFinance.debug.xcconfig"; path = "Target Support Files/Pods-FlamingoFinance/Pods-FlamingoFinance.debug.xcconfig"; sourceTree = "<group>"; };
		989FFBC7AC9943D7C3A006E0 /* Pods-FlamingoFinance-FlamingoFinanceUITests.release.xcconfig */ = {isa = PBXFileReference; includeInIndex = 1; lastKnownFileType = text.xcconfig; name = "Pods-FlamingoFinance-FlamingoFinanceUITests.release.xcconfig"; path = "Target Support Files/Pods-FlamingoFinance-FlamingoFinanceUITests/Pods-FlamingoFinance-FlamingoFinanceUITests.release.xcconfig"; sourceTree = "<group>"; };
		BB3769DB780E0AEF5B36EFB4 /* Pods_FlamingoFinance_FlamingoFinanceUITests.framework */ = {isa = PBXFileReference; explicitFileType = wrapper.framework; includeInIndex = 0; path = Pods_FlamingoFinance_FlamingoFinanceUITests.framework; sourceTree = BUILT_PRODUCTS_DIR; };
		C8C4252CAC175211CD71276D /* Pods_FlamingoFinance.framework */ = {isa = PBXFileReference; explicitFileType = wrapper.framework; includeInIndex = 0; path = Pods_FlamingoFinance.framework; sourceTree = BUILT_PRODUCTS_DIR; };
		CDE65C663BA9F482163C8469 /* Pods-FlamingoFinance-FlamingoFinanceUITests.debug.xcconfig */ = {isa = PBXFileReference; includeInIndex = 1; lastKnownFileType = text.xcconfig; name = "Pods-FlamingoFinance-FlamingoFinanceUITests.debug.xcconfig"; path = "Target Support Files/Pods-FlamingoFinance-FlamingoFinanceUITests/Pods-FlamingoFinance-FlamingoFinanceUITests.debug.xcconfig"; sourceTree = "<group>"; };
/* End PBXFileReference section */

/* Begin PBXFrameworksBuildPhase section */
		8EBF35C7291D518A00FE7947 /* Frameworks */ = {
			isa = PBXFrameworksBuildPhase;
			buildActionMask = 2147483647;
			files = (
				6E522F19082BD53FBF4D5D0C /* Pods_FlamingoFinance.framework in Frameworks */,
			);
			runOnlyForDeploymentPostprocessing = 0;
		};
		8EBF35DD291D518D00FE7947 /* Frameworks */ = {
			isa = PBXFrameworksBuildPhase;
			buildActionMask = 2147483647;
			files = (
				475E1D9B725D4A68852639D4 /* Pods_FlamingoFinanceTests.framework in Frameworks */,
			);
			runOnlyForDeploymentPostprocessing = 0;
		};
		8EBF35E7291D518D00FE7947 /* Frameworks */ = {
			isa = PBXFrameworksBuildPhase;
			buildActionMask = 2147483647;
			files = (
				C6BC2D5FA7BF4CD594B59CD1 /* Pods_FlamingoFinance_FlamingoFinanceUITests.framework in Frameworks */,
			);
			runOnlyForDeploymentPostprocessing = 0;
		};
/* End PBXFrameworksBuildPhase section */

/* Begin PBXGroup section */
		1D9B3A16B359154B4E528E8C /* Pods */ = {
			isa = PBXGroup;
			children = (
				96064A4B9555CF1BBCC80F4B /* Pods-FlamingoFinance.debug.xcconfig */,
				7B226B381B019C360D48A09F /* Pods-FlamingoFinance.release.xcconfig */,
				CDE65C663BA9F482163C8469 /* Pods-FlamingoFinance-FlamingoFinanceUITests.debug.xcconfig */,
				989FFBC7AC9943D7C3A006E0 /* Pods-FlamingoFinance-FlamingoFinanceUITests.release.xcconfig */,
				69ADF3956C84E9555DFF5E18 /* Pods-FlamingoFinanceTests.debug.xcconfig */,
				726A8C4B6AD6AA2B80132773 /* Pods-FlamingoFinanceTests.release.xcconfig */,
			);
			name = Pods;
			path = Pods;
			sourceTree = "<group>";
		};
		5F9D2472B8980A471BAECE59 /* Frameworks */ = {
			isa = PBXGroup;
			children = (
				C8C4252CAC175211CD71276D /* Pods_FlamingoFinance.framework */,
				BB3769DB780E0AEF5B36EFB4 /* Pods_FlamingoFinance_FlamingoFinanceUITests.framework */,
				945DF384380F333EFDB39E4D /* Pods_FlamingoFinanceTests.framework */,
			);
			name = Frameworks;
			sourceTree = "<group>";
		};
		8EBF35C1291D518A00FE7947 = {
			isa = PBXGroup;
			children = (
				8EBF35CC291D518A00FE7947 /* FlamingoFinance */,
				8EBF35E3291D518D00FE7947 /* FlamingoFinanceTests */,
				8EBF35ED291D518D00FE7947 /* FlamingoFinanceUITests */,
				8EBF35CB291D518A00FE7947 /* Products */,
				1D9B3A16B359154B4E528E8C /* Pods */,
				5F9D2472B8980A471BAECE59 /* Frameworks */,
			);
			sourceTree = "<group>";
		};
		8EBF35CB291D518A00FE7947 /* Products */ = {
			isa = PBXGroup;
			children = (
				8EBF35CA291D518A00FE7947 /* FlamingoFinance.app */,
				8EBF35E0291D518D00FE7947 /* FlamingoFinanceTests.xctest */,
				8EBF35EA291D518D00FE7947 /* FlamingoFinanceUITests.xctest */,
			);
			name = Products;
			sourceTree = "<group>";
		};
		8EBF35CC291D518A00FE7947 /* FlamingoFinance */ = {
			isa = PBXGroup;
			children = (
				8EBF35CD291D518A00FE7947 /* AppDelegate.swift */,
				8EBF35CF291D518A00FE7947 /* SceneDelegate.swift */,
				8EBF35D1291D518A00FE7947 /* ViewController.swift */,
				8EBF35D3291D518A00FE7947 /* Main.storyboard */,
				8EBF35D6291D518D00FE7947 /* Assets.xcassets */,
				8EBF35D8291D518D00FE7947 /* LaunchScreen.storyboard */,
				8EBF35DB291D518D00FE7947 /* Info.plist */,
			);
			path = FlamingoFinance;
			sourceTree = "<group>";
		};
		8EBF35E3291D518D00FE7947 /* FlamingoFinanceTests */ = {
			isa = PBXGroup;
			children = (
				8EBF35E4291D518D00FE7947 /* FlamingoFinanceTests.swift */,
			);
			path = FlamingoFinanceTests;
			sourceTree = "<group>";
		};
		8EBF35ED291D518D00FE7947 /* FlamingoFinanceUITests */ = {
			isa = PBXGroup;
			children = (
				8EBF35EE291D518D00FE7947 /* FlamingoFinanceUITests.swift */,
				8EBF35F0291D518D00FE7947 /* FlamingoFinanceUITestsLaunchTests.swift */,
			);
			path = FlamingoFinanceUITests;
			sourceTree = "<group>";
		};
/* End PBXGroup section */

/* Begin PBXNativeTarget section */
		8EBF35C9291D518A00FE7947 /* FlamingoFinance */ = {
			isa = PBXNativeTarget;
			buildConfigurationList = 8EBF35F4291D518D00FE7947 /* Build configuration list for PBXNativeTarget "FlamingoFinance" */;
			buildPhases = (
				3205BD2CC632C6FBBFFE65F7 /* [CP] Check Pods Manifest.lock */,
				8EBF35C6291D518A00FE7947 /* Sources */,
				8EBF35C7291D518A00FE7947 /* Frameworks */,
				8EBF35C8291D518A00FE7947 /* Resources */,
				E906E47FC2EDBB4AAAD5C64D /* [CP] Embed Pods Frameworks */,
			);
			buildRules = (
			);
			dependencies = (
			);
			name = FlamingoFinance;
			productName = FlamingoFinance;
			productReference = 8EBF35CA291D518A00FE7947 /* FlamingoFinance.app */;
			productType = "com.apple.product-type.application";
		};
		8EBF35DF291D518D00FE7947 /* FlamingoFinanceTests */ = {
			isa = PBXNativeTarget;
			buildConfigurationList = 8EBF35F7291D518D00FE7947 /* Build configuration list for PBXNativeTarget "FlamingoFinanceTests" */;
			buildPhases = (
				FAFE47F1A0EAA51A3D7EEA49 /* [CP] Check Pods Manifest.lock */,
				8EBF35DC291D518D00FE7947 /* Sources */,
				8EBF35DD291D518D00FE7947 /* Frameworks */,
				8EBF35DE291D518D00FE7947 /* Resources */,
			);
			buildRules = (
			);
			dependencies = (
				8EBF35E2291D518D00FE7947 /* PBXTargetDependency */,
			);
			name = FlamingoFinanceTests;
			productName = FlamingoFinanceTests;
			productReference = 8EBF35E0291D518D00FE7947 /* FlamingoFinanceTests.xctest */;
			productType = "com.apple.product-type.bundle.unit-test";
		};
		8EBF35E9291D518D00FE7947 /* FlamingoFinanceUITests */ = {
			isa = PBXNativeTarget;
			buildConfigurationList = 8EBF35FA291D518D00FE7947 /* Build configuration list for PBXNativeTarget "FlamingoFinanceUITests" */;
			buildPhases = (
				7FF417C83B450C709ACABD11 /* [CP] Check Pods Manifest.lock */,
				8EBF35E6291D518D00FE7947 /* Sources */,
				8EBF35E7291D518D00FE7947 /* Frameworks */,
				8EBF35E8291D518D00FE7947 /* Resources */,
				63533CDEB4BDCCB48CF595D3 /* [CP] Embed Pods Frameworks */,
			);
			buildRules = (
			);
			dependencies = (
				8EBF35EC291D518D00FE7947 /* PBXTargetDependency */,
			);
			name = FlamingoFinanceUITests;
			productName = FlamingoFinanceUITests;
			productReference = 8EBF35EA291D518D00FE7947 /* FlamingoFinanceUITests.xctest */;
			productType = "com.apple.product-type.bundle.ui-testing";
		};
/* End PBXNativeTarget section */

/* Begin PBXProject section */
		8EBF35C2291D518A00FE7947 /* Project object */ = {
			isa = PBXProject;
			attributes = {
				BuildIndependentTargetsInParallel = 1;
				LastSwiftUpdateCheck = 1400;
				LastUpgradeCheck = 1400;
				TargetAttributes = {
					8EBF35C9291D518A00FE7947 = {
						CreatedOnToolsVersion = 14.0;
					};
					8EBF35DF291D518D00FE7947 = {
						CreatedOnToolsVersion = 14.0;
						TestTargetID = 8EBF35C9291D518A00FE7947;
					};
					8EBF35E9291D518D00FE7947 = {
						CreatedOnToolsVersion = 14.0;
						TestTargetID = 8EBF35C9291D518A00FE7947;
					};
				};
			};
			buildConfigurationList = 8EBF35C5291D518A00FE7947 /* Build configuration list for PBXProject "FlamingoFinance" */;
			compatibilityVersion = "Xcode 14.0";
			developmentRegion = en;
			hasScannedForEncodings = 0;
			knownRegions = (
				en,
				Base,
			);
			mainGroup = 8EBF35C1291D518A00FE7947;
			productRefGroup = 8EBF35CB291D518A00FE7947 /* Products */;
			projectDirPath = "";
			projectRoot = "";
			targets = (
				8EBF35C9291D518A00FE7947 /* FlamingoFinance */,
				8EBF35DF291D518D00FE7947 /* FlamingoFinanceTests */,
				8EBF35E9291D518D00FE7947 /* FlamingoFinanceUITests */,
			);
		};
/* End PBXProject section */

/* Begin PBXResourcesBuildPhase section */
		8EBF35C8291D518A00FE7947 /* Resources */ = {
			isa = PBXResourcesBuildPhase;
			buildActionMask = 2147483647;
			files = (
				8EBF35DA291D518D00FE7947 /* LaunchScreen.storyboard in Resources */,
				8EBF35D7291D518D00FE7947 /* Assets.xcassets in Resources */,
				8EBF35D5291D518A00FE7947 /* Main.storyboard in Resources */,
			);
			runOnlyForDeploymentPostprocessing = 0;
		};
		8EBF35DE291D518D00FE7947 /* Resources */ = {
			isa = PBXResourcesBuildPhase;
			buildActionMask = 2147483647;
			files = (
			);
			runOnlyForDeploymentPostprocessing = 0;
		};
		8EBF35E8291D518D00FE7947 /* Resources */ = {
			isa = PBXResourcesBuildPhase;
			buildActionMask = 2147483647;
			files = (
			);
			runOnlyForDeploymentPostprocessing = 0;
		};
/* End PBXResourcesBuildPhase section */

/* Begin PBXShellScriptBuildPhase section */
		3205BD2CC632C6FBBFFE65F7 /* [CP] Check Pods Manifest.lock */ = {
			isa = PBXShellScriptBuildPhase;
			buildActionMask = 2147483647;
			files = (
			);
			inputFileListPaths = (
			);
			inputPaths = (
				"${PODS_PODFILE_DIR_PATH}/Podfile.lock",
				"${PODS_ROOT}/Manifest.lock",
			);
			name = "[CP] Check Pods Manifest.lock";
			outputFileListPaths = (
			);
			outputPaths = (
				"$(DERIVED_FILE_DIR)/Pods-FlamingoFinance-checkManifestLockResult.txt",
			);
			runOnlyForDeploymentPostprocessing = 0;
			shellPath = /bin/sh;
			shellScript = "diff \"${PODS_PODFILE_DIR_PATH}/Podfile.lock\" \"${PODS_ROOT}/Manifest.lock\" > /dev/null\nif [ $? != 0 ] ; then\n    # print error to STDERR\n    echo \"error: The sandbox is not in sync with the Podfile.lock. Run 'pod install' or update your CocoaPods installation.\" >&2\n    exit 1\nfi\n# This output is used by Xcode 'outputs' to avoid re-running this script phase.\necho \"SUCCESS\" > \"${SCRIPT_OUTPUT_FILE_0}\"\n";
			showEnvVarsInLog = 0;
		};
		63533CDEB4BDCCB48CF595D3 /* [CP] Embed Pods Frameworks */ = {
			isa = PBXShellScriptBuildPhase;
			buildActionMask = 2147483647;
			files = (
			);
			inputFileListPaths = (
				"${PODS_ROOT}/Target Support Files/Pods-FlamingoFinance-FlamingoFinanceUITests/Pods-FlamingoFinance-FlamingoFinanceUITests-frameworks-${CONFIGURATION}-input-files.xcfilelist",
			);
			name = "[CP] Embed Pods Frameworks";
			outputFileListPaths = (
				"${PODS_ROOT}/Target Support Files/Pods-FlamingoFinance-FlamingoFinanceUITests/Pods-FlamingoFinance-FlamingoFinanceUITests-frameworks-${CONFIGURATION}-output-files.xcfilelist",
			);
			runOnlyForDeploymentPostprocessing = 0;
			shellPath = /bin/sh;
			shellScript = "\"${PODS_ROOT}/Target Support Files/Pods-FlamingoFinance-FlamingoFinanceUITests/Pods-FlamingoFinance-FlamingoFinanceUITests-frameworks.sh\"\n";
			showEnvVarsInLog = 0;
		};
		7FF417C83B450C709ACABD11 /* [CP] Check Pods Manifest.lock */ = {
			isa = PBXShellScriptBuildPhase;
			buildActionMask = 2147483647;
			files = (
			);
			inputFileListPaths = (
			);
			inputPaths = (
				"${PODS_PODFILE_DIR_PATH}/Podfile.lock",
				"${PODS_ROOT}/Manifest.lock",
			);
			name = "[CP] Check Pods Manifest.lock";
			outputFileListPaths = (
			);
			outputPaths = (
				"$(DERIVED_FILE_DIR)/Pods-FlamingoFinance-FlamingoFinanceUITests-checkManifestLockResult.txt",
			);
			runOnlyForDeploymentPostprocessing = 0;
			shellPath = /bin/sh;
			shellScript = "diff \"${PODS_PODFILE_DIR_PATH}/Podfile.lock\" \"${PODS_ROOT}/Manifest.lock\" > /dev/null\nif [ $? != 0 ] ; then\n    # print error to STDERR\n    echo \"error: The sandbox is not in sync with the Podfile.lock. Run 'pod install' or update your CocoaPods installation.\" >&2\n    exit 1\nfi\n# This output is used by Xcode 'outputs' to avoid re-running this script phase.\necho \"SUCCESS\" > \"${SCRIPT_OUTPUT_FILE_0}\"\n";
			showEnvVarsInLog = 0;
		};
		E906E47FC2EDBB4AAAD5C64D /* [CP] Embed Pods Frameworks */ = {
			isa = PBXShellScriptBuildPhase;
			buildActionMask = 2147483647;
			files = (
			);
			inputFileListPaths = (
				"${PODS_ROOT}/Target Support Files/Pods-FlamingoFinance/Pods-FlamingoFinance-frameworks-${CONFIGURATION}-input-files.xcfilelist",
			);
			name = "[CP] Embed Pods Frameworks";
			outputFileListPaths = (
				"${PODS_ROOT}/Target Support Files/Pods-FlamingoFinance/Pods-FlamingoFinance-frameworks-${CONFIGURATION}-output-files.xcfilelist",
			);
			runOnlyForDeploymentPostprocessing = 0;
			shellPath = /bin/sh;
			shellScript = "\"${PODS_ROOT}/Target Support Files/Pods-FlamingoFinance/Pods-FlamingoFinance-frameworks.sh\"\n";
			showEnvVarsInLog = 0;
		};
		FAFE47F1A0EAA51A3D7EEA49 /* [CP] Check Pods Manifest.lock */ = {
			isa = PBXShellScriptBuildPhase;
			buildActionMask = 2147483647;
			files = (
			);
			inputFileListPaths = (
			);
			inputPaths = (
				"${PODS_PODFILE_DIR_PATH}/Podfile.lock",
				"${PODS_ROOT}/Manifest.lock",
			);
			name = "[CP] Check Pods Manifest.lock";
			outputFileListPaths = (
			);
			outputPaths = (
				"$(DERIVED_FILE_DIR)/Pods-FlamingoFinanceTests-checkManifestLockResult.txt",
			);
			runOnlyForDeploymentPostprocessing = 0;
			shellPath = /bin/sh;
			shellScript = "diff \"${PODS_PODFILE_DIR_PATH}/Podfile.lock\" \"${PODS_ROOT}/Manifest.lock\" > /dev/null\nif [ $? != 0 ] ; then\n    # print error to STDERR\n    echo \"error: The sandbox is not in sync with the Podfile.lock. Run 'pod install' or update your CocoaPods installation.\" >&2\n    exit 1\nfi\n# This output is used by Xcode 'outputs' to avoid re-running this script phase.\necho \"SUCCESS\" > \"${SCRIPT_OUTPUT_FILE_0}\"\n";
			showEnvVarsInLog = 0;
		};
/* End PBXShellScriptBuildPhase section */

/* Begin PBXSourcesBuildPhase section */
		8EBF35C6291D518A00FE7947 /* Sources */ = {
			isa = PBXSourcesBuildPhase;
			buildActionMask = 2147483647;
			files = (
				8EBF35D2291D518A00FE7947 /* ViewController.swift in Sources */,
				8EBF35CE291D518A00FE7947 /* AppDelegate.swift in Sources */,
				8EBF35D0291D518A00FE7947 /* SceneDelegate.swift in Sources */,
			);
			runOnlyForDeploymentPostprocessing = 0;
		};
		8EBF35DC291D518D00FE7947 /* Sources */ = {
			isa = PBXSourcesBuildPhase;
			buildActionMask = 2147483647;
			files = (
				8EBF35E5291D518D00FE7947 /* FlamingoFinanceTests.swift in Sources */,
			);
			runOnlyForDeploymentPostprocessing = 0;
		};
		8EBF35E6291D518D00FE7947 /* Sources */ = {
			isa = PBXSourcesBuildPhase;
			buildActionMask = 2147483647;
			files = (
				8EBF35F1291D518D00FE7947 /* FlamingoFinanceUITestsLaunchTests.swift in Sources */,
				8EBF35EF291D518D00FE7947 /* FlamingoFinanceUITests.swift in Sources */,
			);
			runOnlyForDeploymentPostprocessing = 0;
		};
/* End PBXSourcesBuildPhase section */

/* Begin PBXTargetDependency section */
		8EBF35E2291D518D00FE7947 /* PBXTargetDependency */ = {
			isa = PBXTargetDependency;
			target = 8EBF35C9291D518A00FE7947 /* FlamingoFinance */;
			targetProxy = 8EBF35E1291D518D00FE7947 /* PBXContainerItemProxy */;
		};
		8EBF35EC291D518D00FE7947 /* PBXTargetDependency */ = {
			isa = PBXTargetDependency;
			target = 8EBF35C9291D518A00FE7947 /* FlamingoFinance */;
			targetProxy = 8EBF35EB291D518D00FE7947 /* PBXContainerItemProxy */;
		};
/* End PBXTargetDependency section */

/* Begin PBXVariantGroup section */
		8EBF35D3291D518A00FE7947 /* Main.storyboard */ = {
			isa = PBXVariantGroup;
			children = (
				8EBF35D4291D518A00FE7947 /* Base */,
			);
			name = Main.storyboard;
			sourceTree = "<group>";
		};
		8EBF35D8291D518D00FE7947 /* LaunchScreen.storyboard */ = {
			isa = PBXVariantGroup;
			children = (
				8EBF35D9291D518D00FE7947 /* Base */,
			);
			name = LaunchScreen.storyboard;
			sourceTree = "<group>";
		};
/* End PBXVariantGroup section */

/* Begin XCBuildConfiguration section */
		8EBF35F2291D518D00FE7947 /* Debug */ = {
			isa = XCBuildConfiguration;
			buildSettings = {
				ALWAYS_SEARCH_USER_PATHS = NO;
				CLANG_ANALYZER_NONNULL = YES;
				CLANG_ANALYZER_NUMBER_OBJECT_CONVERSION = YES_AGGRESSIVE;
				CLANG_CXX_LANGUAGE_STANDARD = "gnu++20";
				CLANG_ENABLE_MODULES = YES;
				CLANG_ENABLE_OBJC_ARC = YES;
				CLANG_ENABLE_OBJC_WEAK = YES;
				CLANG_WARN_BLOCK_CAPTURE_AUTORELEASING = YES;
				CLANG_WARN_BOOL_CONVERSION = YES;
				CLANG_WARN_COMMA = YES;
				CLANG_WARN_CONSTANT_CONVERSION = YES;
				CLANG_WARN_DEPRECATED_OBJC_IMPLEMENTATIONS = YES;
				CLANG_WARN_DIRECT_OBJC_ISA_USAGE = YES_ERROR;
				CLANG_WARN_DOCUMENTATION_COMMENTS = YES;
				CLANG_WARN_EMPTY_BODY = YES;
				CLANG_WARN_ENUM_CONVERSION = YES;
				CLANG_WARN_INFINITE_RECURSION = YES;
				CLANG_WARN_INT_CONVERSION = YES;
				CLANG_WARN_NON_LITERAL_NULL_CONVERSION = YES;
				CLANG_WARN_OBJC_IMPLICIT_RETAIN_SELF = YES;
				CLANG_WARN_OBJC_LITERAL_CONVERSION = YES;
				CLANG_WARN_OBJC_ROOT_CLASS = YES_ERROR;
				CLANG_WARN_QUOTED_INCLUDE_IN_FRAMEWORK_HEADER = YES;
				CLANG_WARN_RANGE_LOOP_ANALYSIS = YES;
				CLANG_WARN_STRICT_PROTOTYPES = YES;
				CLANG_WARN_SUSPICIOUS_MOVE = YES;
				CLANG_WARN_UNGUARDED_AVAILABILITY = YES_AGGRESSIVE;
				CLANG_WARN_UNREACHABLE_CODE = YES;
				CLANG_WARN__DUPLICATE_METHOD_MATCH = YES;
				COPY_PHASE_STRIP = NO;
				DEBUG_INFORMATION_FORMAT = dwarf;
				ENABLE_STRICT_OBJC_MSGSEND = YES;
				ENABLE_TESTABILITY = YES;
				GCC_C_LANGUAGE_STANDARD = gnu11;
				GCC_DYNAMIC_NO_PIC = NO;
				GCC_NO_COMMON_BLOCKS = YES;
				GCC_OPTIMIZATION_LEVEL = 0;
				GCC_PREPROCESSOR_DEFINITIONS = (
					"DEBUG=1",
					"$(inherited)",
				);
				GCC_WARN_64_TO_32_BIT_CONVERSION = YES;
				GCC_WARN_ABOUT_RETURN_TYPE = YES_ERROR;
				GCC_WARN_UNDECLARED_SELECTOR = YES;
				GCC_WARN_UNINITIALIZED_AUTOS = YES_AGGRESSIVE;
				GCC_WARN_UNUSED_FUNCTION = YES;
				GCC_WARN_UNUSED_VARIABLE = YES;
				IPHONEOS_DEPLOYMENT_TARGET = 16.0;
				MTL_ENABLE_DEBUG_INFO = INCLUDE_SOURCE;
				MTL_FAST_MATH = YES;
				ONLY_ACTIVE_ARCH = YES;
				SDKROOT = iphoneos;
				SWIFT_ACTIVE_COMPILATION_CONDITIONS = DEBUG;
				SWIFT_OPTIMIZATION_LEVEL = "-Onone";
			};
			name = Debug;
		};
		8EBF35F3291D518D00FE7947 /* Release */ = {
			isa = XCBuildConfiguration;
			buildSettings = {
				ALWAYS_SEARCH_USER_PATHS = NO;
				CLANG_ANALYZER_NONNULL = YES;
				CLANG_ANALYZER_NUMBER_OBJECT_CONVERSION = YES_AGGRESSIVE;
				CLANG_CXX_LANGUAGE_STANDARD = "gnu++20";
				CLANG_ENABLE_MODULES = YES;
				CLANG_ENABLE_OBJC_ARC = YES;
				CLANG_ENABLE_OBJC_WEAK = YES;
				CLANG_WARN_BLOCK_CAPTURE_AUTORELEASING = YES;
				CLANG_WARN_BOOL_CONVERSION = YES;
				CLANG_WARN_COMMA = YES;
				CLANG_WARN_CONSTANT_CONVERSION = YES;
				CLANG_WARN_DEPRECATED_OBJC_IMPLEMENTATIONS = YES;
				CLANG_WARN_DIRECT_OBJC_ISA_USAGE = YES_ERROR;
				CLANG_WARN_DOCUMENTATION_COMMENTS = YES;
				CLANG_WARN_EMPTY_BODY = YES;
				CLANG_WARN_ENUM_CONVERSION = YES;
				CLANG_WARN_INFINITE_RECURSION = YES;
				CLANG_WARN_INT_CONVERSION = YES;
				CLANG_WARN_NON_LITERAL_NULL_CONVERSION = YES;
				CLANG_WARN_OBJC_IMPLICIT_RETAIN_SELF = YES;
				CLANG_WARN_OBJC_LITERAL_CONVERSION = YES;
				CLANG_WARN_OBJC_ROOT_CLASS = YES_ERROR;
				CLANG_WARN_QUOTED_INCLUDE_IN_FRAMEWORK_HEADER = YES;
				CLANG_WARN_RANGE_LOOP_ANALYSIS = YES;
				CLANG_WARN_STRICT_PROTOTYPES = YES;
				CLANG_WARN_SUSPICIOUS_MOVE = YES;
				CLANG_WARN_UNGUARDED_AVAILABILITY = YES_AGGRESSIVE;
				CLANG_WARN_UNREACHABLE_CODE = YES;
				CLANG_WARN__DUPLICATE_METHOD_MATCH = YES;
				COPY_PHASE_STRIP = NO;
				DEBUG_INFORMATION_FORMAT = "dwarf-with-dsym";
				ENABLE_NS_ASSERTIONS = NO;
				ENABLE_STRICT_OBJC_MSGSEND = YES;
				GCC_C_LANGUAGE_STANDARD = gnu11;
				GCC_NO_COMMON_BLOCKS = YES;
				GCC_WARN_64_TO_32_BIT_CONVERSION = YES;
				GCC_WARN_ABOUT_RETURN_TYPE = YES_ERROR;
				GCC_WARN_UNDECLARED_SELECTOR = YES;
				GCC_WARN_UNINITIALIZED_AUTOS = YES_AGGRESSIVE;
				GCC_WARN_UNUSED_FUNCTION = YES;
				GCC_WARN_UNUSED_VARIABLE = YES;
				IPHONEOS_DEPLOYMENT_TARGET = 16.0;
				MTL_ENABLE_DEBUG_INFO = NO;
				MTL_FAST_MATH = YES;
				SDKROOT = iphoneos;
				SWIFT_COMPILATION_MODE = wholemodule;
				SWIFT_OPTIMIZATION_LEVEL = "-O";
				VALIDATE_PRODUCT = YES;
			};
			name = Release;
		};
		8EBF35F5291D518D00FE7947 /* Debug */ = {
			isa = XCBuildConfiguration;
			baseConfigurationReference = 96064A4B9555CF1BBCC80F4B /* Pods-FlamingoFinance.debug.xcconfig */;
			buildSettings = {
				ASSETCATALOG_COMPILER_APPICON_NAME = AppIcon;
				ASSETCATALOG_COMPILER_GLOBAL_ACCENT_COLOR_NAME = AccentColor;
				CODE_SIGN_STYLE = Automatic;
				CURRENT_PROJECT_VERSION = 1;
				GENERATE_INFOPLIST_FILE = YES;
				INFOPLIST_FILE = FlamingoFinance/Info.plist;
				INFOPLIST_KEY_UIApplicationSupportsIndirectInputEvents = YES;
				INFOPLIST_KEY_UILaunchStoryboardName = LaunchScreen;
				INFOPLIST_KEY_UIMainStoryboardFile = Main;
				INFOPLIST_KEY_UISupportedInterfaceOrientations_iPad = "UIInterfaceOrientationPortrait UIInterfaceOrientationPortraitUpsideDown UIInterfaceOrientationLandscapeLeft UIInterfaceOrientationLandscapeRight";
				INFOPLIST_KEY_UISupportedInterfaceOrientations_iPhone = "UIInterfaceOrientationPortrait UIInterfaceOrientationLandscapeLeft UIInterfaceOrientationLandscapeRight";
				LD_RUNPATH_SEARCH_PATHS = (
					"$(inherited)",
					"@executable_path/Frameworks",
				);
				MARKETING_VERSION = 1.0;
				PRODUCT_BUNDLE_IDENTIFIER = Steven.FlamingoFinance;
				PRODUCT_NAME = "$(TARGET_NAME)";
				SWIFT_EMIT_LOC_STRINGS = YES;
				SWIFT_VERSION = 5.0;
				TARGETED_DEVICE_FAMILY = "1,2";
			};
			name = Debug;
		};
		8EBF35F6291D518D00FE7947 /* Release */ = {
			isa = XCBuildConfiguration;
			baseConfigurationReference = 7B226B381B019C360D48A09F /* Pods-FlamingoFinance.release.xcconfig */;
			buildSettings = {
				ASSETCATALOG_COMPILER_APPICON_NAME = AppIcon;
				ASSETCATALOG_COMPILER_GLOBAL_ACCENT_COLOR_NAME = AccentColor;
				CODE_SIGN_STYLE = Automatic;
				CURRENT_PROJECT_VERSION = 1;
				GENERATE_INFOPLIST_FILE = YES;
				INFOPLIST_FILE = FlamingoFinance/Info.plist;
				INFOPLIST_KEY_UIApplicationSupportsIndirectInputEvents = YES;
				INFOPLIST_KEY_UILaunchStoryboardName = LaunchScreen;
				INFOPLIST_KEY_UIMainStoryboardFile = Main;
				INFOPLIST_KEY_UISupportedInterfaceOrientations_iPad = "UIInterfaceOrientationPortrait UIInterfaceOrientationPortraitUpsideDown UIInterfaceOrientationLandscapeLeft UIInterfaceOrientationLandscapeRight";
				INFOPLIST_KEY_UISupportedInterfaceOrientations_iPhone = "UIInterfaceOrientationPortrait UIInterfaceOrientationLandscapeLeft UIInterfaceOrientationLandscapeRight";
				LD_RUNPATH_SEARCH_PATHS = (
					"$(inherited)",
					"@executable_path/Frameworks",
				);
				MARKETING_VERSION = 1.0;
				PRODUCT_BUNDLE_IDENTIFIER = Steven.FlamingoFinance;
				PRODUCT_NAME = "$(TARGET_NAME)";
				SWIFT_EMIT_LOC_STRINGS = YES;
				SWIFT_VERSION = 5.0;
				TARGETED_DEVICE_FAMILY = "1,2";
			};
			name = Release;
		};
		8EBF35F8291D518D00FE7947 /* Debug */ = {
			isa = XCBuildConfiguration;
			baseConfigurationReference = 69ADF3956C84E9555DFF5E18 /* Pods-FlamingoFinanceTests.debug.xcconfig */;
			buildSettings = {
				ALWAYS_EMBED_SWIFT_STANDARD_LIBRARIES = YES;
				BUNDLE_LOADER = "$(TEST_HOST)";
				CODE_SIGN_STYLE = Automatic;
				CURRENT_PROJECT_VERSION = 1;
				GENERATE_INFOPLIST_FILE = YES;
				IPHONEOS_DEPLOYMENT_TARGET = 16.0;
				MARKETING_VERSION = 1.0;
				PRODUCT_BUNDLE_IDENTIFIER = Steven.FlamingoFinanceTests;
				PRODUCT_NAME = "$(TARGET_NAME)";
				SWIFT_EMIT_LOC_STRINGS = NO;
				SWIFT_VERSION = 5.0;
				TARGETED_DEVICE_FAMILY = "1,2";
				TEST_HOST = "$(BUILT_PRODUCTS_DIR)/FlamingoFinance.app/$(BUNDLE_EXECUTABLE_FOLDER_PATH)/FlamingoFinance";
			};
			name = Debug;
		};
		8EBF35F9291D518D00FE7947 /* Release */ = {
			isa = XCBuildConfiguration;
			baseConfigurationReference = 726A8C4B6AD6AA2B80132773 /* Pods-FlamingoFinanceTests.release.xcconfig */;
			buildSettings = {
				ALWAYS_EMBED_SWIFT_STANDARD_LIBRARIES = YES;
				BUNDLE_LOADER = "$(TEST_HOST)";
				CODE_SIGN_STYLE = Automatic;
				CURRENT_PROJECT_VERSION = 1;
				GENERATE_INFOPLIST_FILE = YES;
				IPHONEOS_DEPLOYMENT_TARGET = 16.0;
				MARKETING_VERSION = 1.0;
				PRODUCT_BUNDLE_IDENTIFIER = Steven.FlamingoFinanceTests;
				PRODUCT_NAME = "$(TARGET_NAME)";
				SWIFT_EMIT_LOC_STRINGS = NO;
				SWIFT_VERSION = 5.0;
				TARGETED_DEVICE_FAMILY = "1,2";
				TEST_HOST = "$(BUILT_PRODUCTS_DIR)/FlamingoFinance.app/$(BUNDLE_EXECUTABLE_FOLDER_PATH)/FlamingoFinance";
			};
			name = Release;
		};
		8EBF35FB291D518D00FE7947 /* Debug */ = {
			isa = XCBuildConfiguration;
			baseConfigurationReference = CDE65C663BA9F482163C8469 /* Pods-FlamingoFinance-FlamingoFinanceUITests.debug.xcconfig */;
			buildSettings = {
				ALWAYS_EMBED_SWIFT_STANDARD_LIBRARIES = YES;
				CODE_SIGN_STYLE = Automatic;
				CURRENT_PROJECT_VERSION = 1;
				GENERATE_INFOPLIST_FILE = YES;
				MARKETING_VERSION = 1.0;
				PRODUCT_BUNDLE_IDENTIFIER = Steven.FlamingoFinanceUITests;
				PRODUCT_NAME = "$(TARGET_NAME)";
				SWIFT_EMIT_LOC_STRINGS = NO;
				SWIFT_VERSION = 5.0;
				TARGETED_DEVICE_FAMILY = "1,2";
				TEST_TARGET_NAME = FlamingoFinance;
			};
			name = Debug;
		};
		8EBF35FC291D518D00FE7947 /* Release */ = {
			isa = XCBuildConfiguration;
			baseConfigurationReference = 989FFBC7AC9943D7C3A006E0 /* Pods-FlamingoFinance-FlamingoFinanceUITests.release.xcconfig */;
			buildSettings = {
				ALWAYS_EMBED_SWIFT_STANDARD_LIBRARIES = YES;
				CODE_SIGN_STYLE = Automatic;
				CURRENT_PROJECT_VERSION = 1;
				GENERATE_INFOPLIST_FILE = YES;
				MARKETING_VERSION = 1.0;
				PRODUCT_BUNDLE_IDENTIFIER = Steven.FlamingoFinanceUITests;
				PRODUCT_NAME = "$(TARGET_NAME)";
				SWIFT_EMIT_LOC_STRINGS = NO;
				SWIFT_VERSION = 5.0;
				TARGETED_DEVICE_FAMILY = "1,2";
				TEST_TARGET_NAME = FlamingoFinance;
			};
			name = Release;
		};
/* End XCBuildConfiguration section */

/* Begin XCConfigurationList section */
		8EBF35C5291D518A00FE7947 /* Build configuration list for PBXProject "FlamingoFinance" */ = {
			isa = XCConfigurationList;
			buildConfigurations = (
				8EBF35F2291D518D00FE7947 /* Debug */,
				8EBF35F3291D518D00FE7947 /* Release */,
			);
			defaultConfigurationIsVisible = 0;
			defaultConfigurationName = Release;
		};
		8EBF35F4291D518D00FE7947 /* Build configuration list for PBXNativeTarget "FlamingoFinance" */ = {
			isa = XCConfigurationList;
			buildConfigurations = (
				8EBF35F5291D518D00FE7947 /* Debug */,
				8EBF35F6291D518D00FE7947 /* Release */,
			);
			defaultConfigurationIsVisible = 0;
			defaultConfigurationName = Release;
		};
		8EBF35F7291D518D00FE7947 /* Build configuration list for PBXNativeTarget "FlamingoFinanceTests" */ = {
			isa = XCConfigurationList;
			buildConfigurations = (
				8EBF35F8291D518D00FE7947 /* Debug */,
				8EBF35F9291D518D00FE7947 /* Release */,
			);
			defaultConfigurationIsVisible = 0;
			defaultConfigurationName = Release;
		};
		8EBF35FA291D518D00FE7947 /* Build configuration list for PBXNativeTarget "FlamingoFinanceUITests" */ = {
			isa = XCConfigurationList;
			buildConfigurations = (
				8EBF35FB291D518D00FE7947 /* Debug */,
				8EBF35FC291D518D00FE7947 /* Release */,
			);
			defaultConfigurationIsVisible = 0;
			defaultConfigurationName = Release;
		};
/* End XCConfigurationList section */
	};
	rootObject = 8EBF35C2291D518A00FE7947 /* Project object */;
}
